
Microsoft Visual Studio Solution File, Format Version 12.00
# Visual Studio Version 17
VisualStudioVersion = 17.0.32112.339
MinimumVisualStudioVersion = 10.0.40219.1
Project("{FAE04EC0-301F-11D3-BF4B-00C04F79EFBC}") = "sumar", "sumar\sumar.csproj", "{6B2F48DC-691B-4658-961D-36D9BE99A0B3}"
EndProject
Global
	GlobalSection(SolutionConfigurationPlatforms) = preSolution
		Debug|Any CPU = Debug|Any CPU
		Release|Any CPU = Release|Any CPU
	EndGlobalSection
	GlobalSection(ProjectConfigurationPlatforms) = postSolution
		{6B2F48DC-691B-4658-961D-36D9BE99A0B3}.Debug|Any CPU.ActiveCfg = Debug|Any CPU
		{6B2F48DC-691B-4658-961D-36D9BE99A0B3}.Debug|Any CPU.Build.0 = Debug|Any CPU
		{6B2F48DC-691B-4658-961D-36D9BE99A0B3}.Release|Any CPU.ActiveCfg = Release|Any CPU
		{6B2F48DC-691B-4658-961D-36D9BE99A0B3}.Release|Any CPU.Build.0 = Release|Any CPU
	EndGlobalSection
	GlobalSection(SolutionProperties) = preSolution
		HideSolutionNode = FALSE
	EndGlobalSection
	GlobalSection(ExtensibilityGlobals) = postSolution
		SolutionGuid = {C41B1BEC-9325-4AAA-BF78-A438825C3D6D}
	EndGlobalSection
EndGlobal
